// !$*UTF8*$!
{
	archiveVersion = 1;
	classes = {
	};
	objectVersion = 50;
	objects = {

/* Begin PBXBuildFile section */
		135321EA2499A51F008E778E /* AppDelegate.swift in Sources */ = {isa = PBXBuildFile; fileRef = 135321E92499A51F008E778E /* AppDelegate.swift */; };
		135321EC2499A51F008E778E /* SceneDelegate.swift in Sources */ = {isa = PBXBuildFile; fileRef = 135321EB2499A51F008E778E /* SceneDelegate.swift */; };
		135321EE2499A51F008E778E /* ContentView.swift in Sources */ = {isa = PBXBuildFile; fileRef = 135321ED2499A51F008E778E /* ContentView.swift */; };
		135321F02499A520008E778E /* Assets.xcassets in Resources */ = {isa = PBXBuildFile; fileRef = 135321EF2499A520008E778E /* Assets.xcassets */; };
		135321F32499A520008E778E /* Preview Assets.xcassets in Resources */ = {isa = PBXBuildFile; fileRef = 135321F22499A520008E778E /* Preview Assets.xcassets */; };
		135321F62499A520008E778E /* LaunchScreen.storyboard in Resources */ = {isa = PBXBuildFile; fileRef = 135321F42499A520008E778E /* LaunchScreen.storyboard */; };
		1353221E2499A56C008E778E /* ContentViewModel.swift in Sources */ = {isa = PBXBuildFile; fileRef = 1353221D2499A56C008E778E /* ContentViewModel.swift */; };
		135322222499B07F008E778E /* HealthCalculator.swift in Sources */ = {isa = PBXBuildFile; fileRef = 135322212499B07F008E778E /* HealthCalculator.swift */; };
		135322242499B94B008E778E /* HealthCalculatorTests.swift in Sources */ = {isa = PBXBuildFile; fileRef = 135322232499B94B008E778E /* HealthCalculatorTests.swift */; };
/* End PBXBuildFile section */

/* Begin PBXContainerItemProxy section */
		135321FD2499A521008E778E /* PBXContainerItemProxy */ = {
			isa = PBXContainerItemProxy;
			containerPortal = 135321DE2499A51F008E778E /* Project object */;
			proxyType = 1;
			remoteGlobalIDString = 135321E52499A51F008E778E;
			remoteInfo = SimpleApp;
		};
/* End PBXContainerItemProxy section */

/* Begin PBXFileReference section */
		135321E62499A51F008E778E /* SimpleApp.app */ = {isa = PBXFileReference; explicitFileType = wrapper.application; includeInIndex = 0; path = SimpleApp.app; sourceTree = BUILT_PRODUCTS_DIR; };
		135321E92499A51F008E778E /* AppDelegate.swift */ = {isa = PBXFileReference; lastKnownFileType = sourcecode.swift; path = AppDelegate.swift; sourceTree = "<group>"; };
		135321EB2499A51F008E778E /* SceneDelegate.swift */ = {isa = PBXFileReference; lastKnownFileType = sourcecode.swift; path = SceneDelegate.swift; sourceTree = "<group>"; };
		135321ED2499A51F008E778E /* ContentView.swift */ = {isa = PBXFileReference; lastKnownFileType = sourcecode.swift; path = ContentView.swift; sourceTree = "<group>"; };
		135321EF2499A520008E778E /* Assets.xcassets */ = {isa = PBXFileReference; lastKnownFileType = folder.assetcatalog; path = Assets.xcassets; sourceTree = "<group>"; };
		135321F22499A520008E778E /* Preview Assets.xcassets */ = {isa = PBXFileReference; lastKnownFileType = folder.assetcatalog; path = "Preview Assets.xcassets"; sourceTree = "<group>"; };
		135321F52499A520008E778E /* Base */ = {isa = PBXFileReference; lastKnownFileType = file.storyboard; name = Base; path = Base.lproj/LaunchScreen.storyboard; sourceTree = "<group>"; };
		135321F72499A520008E778E /* Info.plist */ = {isa = PBXFileReference; lastKnownFileType = text.plist.xml; path = Info.plist; sourceTree = "<group>"; };
		135321FC2499A521008E778E /* SimpleAppTests.xctest */ = {isa = PBXFileReference; explicitFileType = wrapper.cfbundle; includeInIndex = 0; path = SimpleAppTests.xctest; sourceTree = BUILT_PRODUCTS_DIR; };
		135322022499A521008E778E /* Info.plist */ = {isa = PBXFileReference; lastKnownFileType = text.plist.xml; path = Info.plist; sourceTree = "<group>"; };
		1353221D2499A56C008E778E /* ContentViewModel.swift */ = {isa = PBXFileReference; lastKnownFileType = sourcecode.swift; path = ContentViewModel.swift; sourceTree = "<group>"; };
		135322212499B07F008E778E /* HealthCalculator.swift */ = {isa = PBXFileReference; lastKnownFileType = sourcecode.swift; path = HealthCalculator.swift; sourceTree = "<group>"; };
		135322232499B94B008E778E /* HealthCalculatorTests.swift */ = {isa = PBXFileReference; lastKnownFileType = sourcecode.swift; path = HealthCalculatorTests.swift; sourceTree = "<group>"; };
/* End PBXFileReference section */

/* Begin PBXFrameworksBuildPhase section */
		135321E32499A51F008E778E /* Frameworks */ = {
			isa = PBXFrameworksBuildPhase;
			buildActionMask = 2147483647;
			files = (
			);
			runOnlyForDeploymentPostprocessing = 0;
		};
		135321F92499A521008E778E /* Frameworks */ = {
			isa = PBXFrameworksBuildPhase;
			buildActionMask = 2147483647;
			files = (
			);
			runOnlyForDeploymentPostprocessing = 0;
		};
/* End PBXFrameworksBuildPhase section */

/* Begin PBXGroup section */
		135321DD2499A51F008E778E = {
			isa = PBXGroup;
			children = (
				135321E82499A51F008E778E /* SimpleApp */,
				135321FF2499A521008E778E /* SimpleAppTests */,
				135321E72499A51F008E778E /* Products */,
			);
			sourceTree = "<group>";
		};
		135321E72499A51F008E778E /* Products */ = {
			isa = PBXGroup;
			children = (
				135321E62499A51F008E778E /* SimpleApp.app */,
				135321FC2499A521008E778E /* SimpleAppTests.xctest */,
			);
			name = Products;
			sourceTree = "<group>";
		};
		135321E82499A51F008E778E /* SimpleApp */ = {
			isa = PBXGroup;
			children = (
				135321E92499A51F008E778E /* AppDelegate.swift */,
				135321EB2499A51F008E778E /* SceneDelegate.swift */,
				1353221A2499A52F008E778E /* Views */,
				1353221B2499A534008E778E /* ViewModels */,
				1353221C2499A539008E778E /* Models */,
				135322192499A525008E778E /* Supporting FIles */,
				135321F12499A520008E778E /* Preview Content */,
			);
			path = SimpleApp;
			sourceTree = "<group>";
		};
		135321F12499A520008E778E /* Preview Content */ = {
			isa = PBXGroup;
			children = (
				135321F22499A520008E778E /* Preview Assets.xcassets */,
			);
			path = "Preview Content";
			sourceTree = "<group>";
		};
		135321FF2499A521008E778E /* SimpleAppTests */ = {
			isa = PBXGroup;
			children = (
				135322232499B94B008E778E /* HealthCalculatorTests.swift */,
				135322022499A521008E778E /* Info.plist */,
			);
			path = SimpleAppTests;
			sourceTree = "<group>";
		};
		135322192499A525008E778E /* Supporting FIles */ = {
			isa = PBXGroup;
			children = (
				135321EF2499A520008E778E /* Assets.xcassets */,
				135321F42499A520008E778E /* LaunchScreen.storyboard */,
				135321F72499A520008E778E /* Info.plist */,
			);
			name = "Supporting FIles";
			sourceTree = "<group>";
		};
		1353221A2499A52F008E778E /* Views */ = {
			isa = PBXGroup;
			children = (
				135321ED2499A51F008E778E /* ContentView.swift */,
			);
			path = Views;
			sourceTree = "<group>";
		};
		1353221B2499A534008E778E /* ViewModels */ = {
			isa = PBXGroup;
			children = (
				1353221D2499A56C008E778E /* ContentViewModel.swift */,
			);
			path = ViewModels;
			sourceTree = "<group>";
		};
		1353221C2499A539008E778E /* Models */ = {
			isa = PBXGroup;
			children = (
				135322212499B07F008E778E /* HealthCalculator.swift */,
			);
			path = Models;
			sourceTree = "<group>";
		};
/* End PBXGroup section */

/* Begin PBXNativeTarget section */
		135321E52499A51F008E778E /* SimpleApp */ = {
			isa = PBXNativeTarget;
			buildConfigurationList = 135322102499A521008E778E /* Build configuration list for PBXNativeTarget "SimpleApp" */;
			buildPhases = (
				135321E22499A51F008E778E /* Sources */,
				135321E32499A51F008E778E /* Frameworks */,
				135321E42499A51F008E778E /* Resources */,
				135322202499ABD7008E778E /* SwiftFormat */,
				1353221F2499A96B008E778E /* SwiftLint */,
			);
			buildRules = (
			);
			dependencies = (
			);
			name = SimpleApp;
			productName = SimpleApp;
			productReference = 135321E62499A51F008E778E /* SimpleApp.app */;
			productType = "com.apple.product-type.application";
		};
		135321FB2499A521008E778E /* SimpleAppTests */ = {
			isa = PBXNativeTarget;
			buildConfigurationList = 135322132499A521008E778E /* Build configuration list for PBXNativeTarget "SimpleAppTests" */;
			buildPhases = (
				135321F82499A521008E778E /* Sources */,
				135321F92499A521008E778E /* Frameworks */,
				135321FA2499A521008E778E /* Resources */,
			);
			buildRules = (
			);
			dependencies = (
				135321FE2499A521008E778E /* PBXTargetDependency */,
			);
			name = SimpleAppTests;
			productName = SimpleAppTests;
			productReference = 135321FC2499A521008E778E /* SimpleAppTests.xctest */;
			productType = "com.apple.product-type.bundle.unit-test";
		};
/* End PBXNativeTarget section */

/* Begin PBXProject section */
		135321DE2499A51F008E778E /* Project object */ = {
			isa = PBXProject;
			attributes = {
				LastSwiftUpdateCheck = 1150;
				LastUpgradeCheck = 1150;
				ORGANIZATIONNAME = "Watanabe Toshinori";
				TargetAttributes = {
					135321E52499A51F008E778E = {
						CreatedOnToolsVersion = 11.5;
					};
					135321FB2499A521008E778E = {
						CreatedOnToolsVersion = 11.5;
						TestTargetID = 135321E52499A51F008E778E;
					};
				};
			};
			buildConfigurationList = 135321E12499A51F008E778E /* Build configuration list for PBXProject "SimpleApp" */;
			compatibilityVersion = "Xcode 9.3";
			developmentRegion = en;
			hasScannedForEncodings = 0;
			knownRegions = (
				en,
				Base,
			);
			mainGroup = 135321DD2499A51F008E778E;
			productRefGroup = 135321E72499A51F008E778E /* Products */;
			projectDirPath = "";
			projectRoot = "";
			targets = (
				135321E52499A51F008E778E /* SimpleApp */,
				135321FB2499A521008E778E /* SimpleAppTests */,
			);
		};
/* End PBXProject section */

/* Begin PBXResourcesBuildPhase section */
		135321E42499A51F008E778E /* Resources */ = {
			isa = PBXResourcesBuildPhase;
			buildActionMask = 2147483647;
			files = (
				135321F62499A520008E778E /* LaunchScreen.storyboard in Resources */,
				135321F32499A520008E778E /* Preview Assets.xcassets in Resources */,
				135321F02499A520008E778E /* Assets.xcassets in Resources */,
			);
			runOnlyForDeploymentPostprocessing = 0;
		};
		135321FA2499A521008E778E /* Resources */ = {
			isa = PBXResourcesBuildPhase;
			buildActionMask = 2147483647;
			files = (
			);
			runOnlyForDeploymentPostprocessing = 0;
		};
/* End PBXResourcesBuildPhase section */

/* Begin PBXShellScriptBuildPhase section */
		1353221F2499A96B008E778E /* SwiftLint */ = {
			isa = PBXShellScriptBuildPhase;
			buildActionMask = 2147483647;
			files = (
			);
			inputFileListPaths = (
			);
			inputPaths = (
			);
			name = SwiftLint;
			outputFileListPaths = (
			);
			outputPaths = (
			);
			runOnlyForDeploymentPostprocessing = 0;
			shellPath = /bin/sh;
			shellScript = "# Type a script or drag a script file from your workspace to insert its path.\nif which swiftlint >/dev/null; then\n  swiftlint\nelse\n  echo \"warning: SwiftLint not installed, download from https://github.com/realm/SwiftLint\"\nfi\n";
		};
		135322202499ABD7008E778E /* SwiftFormat */ = {
			isa = PBXShellScriptBuildPhase;
			buildActionMask = 2147483647;
			files = (
			);
			inputFileListPaths = (
			);
			inputPaths = (
			);
			name = SwiftFormat;
			outputFileListPaths = (
			);
			outputPaths = (
			);
			runOnlyForDeploymentPostprocessing = 0;
			shellPath = /bin/sh;
			shellScript = "# Type a script or drag a script file from your workspace to insert its path.\nif which swiftformat >/dev/null; then\n  swiftformat --lint .\nelse\n  echo \"warning: SwiftFormat not installed, download from https://github.com/nicklockwood/SwiftFormat\"\nfi\n";
		};
/* End PBXShellScriptBuildPhase section */

/* Begin PBXSourcesBuildPhase section */
		135321E22499A51F008E778E /* Sources */ = {
			isa = PBXSourcesBuildPhase;
			buildActionMask = 2147483647;
			files = (
				1353221E2499A56C008E778E /* ContentViewModel.swift in Sources */,
				135321EA2499A51F008E778E /* AppDelegate.swift in Sources */,
				135321EC2499A51F008E778E /* SceneDelegate.swift in Sources */,
				135322222499B07F008E778E /* HealthCalculator.swift in Sources */,
				135321EE2499A51F008E778E /* ContentView.swift in Sources */,
			);
			runOnlyForDeploymentPostprocessing = 0;
		};
		135321F82499A521008E778E /* Sources */ = {
			isa = PBXSourcesBuildPhase;
			buildActionMask = 2147483647;
			files = (
				135322242499B94B008E778E /* HealthCalculatorTests.swift in Sources */,
			);
			runOnlyForDeploymentPostprocessing = 0;
		};
/* End PBXSourcesBuildPhase section */

/* Begin PBXTargetDependency section */
		135321FE2499A521008E778E /* PBXTargetDependency */ = {
			isa = PBXTargetDependency;
			target = 135321E52499A51F008E778E /* SimpleApp */;
			targetProxy = 135321FD2499A521008E778E /* PBXContainerItemProxy */;
		};
/* End PBXTargetDependency section */

/* Begin PBXVariantGroup section */
		135321F42499A520008E778E /* LaunchScreen.storyboard */ = {
			isa = PBXVariantGroup;
			children = (
				135321F52499A520008E778E /* Base */,
			);
			name = LaunchScreen.storyboard;
			sourceTree = "<group>";
		};
/* End PBXVariantGroup section */

/* Begin XCBuildConfiguration section */
		1353220E2499A521008E778E /* Debug */ = {
			isa = XCBuildConfiguration;
			buildSettings = {
				ALWAYS_SEARCH_USER_PATHS = NO;
				CLANG_ANALYZER_NONNULL = YES;
				CLANG_ANALYZER_NUMBER_OBJECT_CONVERSION = YES_AGGRESSIVE;
				CLANG_CXX_LANGUAGE_STANDARD = "gnu++14";
				CLANG_CXX_LIBRARY = "libc++";
				CLANG_ENABLE_MODULES = YES;
				CLANG_ENABLE_OBJC_ARC = YES;
				CLANG_ENABLE_OBJC_WEAK = YES;
				CLANG_WARN_BLOCK_CAPTURE_AUTORELEASING = YES;
				CLANG_WARN_BOOL_CONVERSION = YES;
				CLANG_WARN_COMMA = YES;
				CLANG_WARN_CONSTANT_CONVERSION = YES;
				CLANG_WARN_DEPRECATED_OBJC_IMPLEMENTATIONS = YES;
				CLANG_WARN_DIRECT_OBJC_ISA_USAGE = YES_ERROR;
				CLANG_WARN_DOCUMENTATION_COMMENTS = YES;
				CLANG_WARN_EMPTY_BODY = YES;
				CLANG_WARN_ENUM_CONVERSION = YES;
				CLANG_WARN_INFINITE_RECURSION = YES;
				CLANG_WARN_INT_CONVERSION = YES;
				CLANG_WARN_NON_LITERAL_NULL_CONVERSION = YES;
				CLANG_WARN_OBJC_IMPLICIT_RETAIN_SELF = YES;
				CLANG_WARN_OBJC_LITERAL_CONVERSION = YES;
				CLANG_WARN_OBJC_ROOT_CLASS = YES_ERROR;
				CLANG_WARN_RANGE_LOOP_ANALYSIS = YES;
				CLANG_WARN_STRICT_PROTOTYPES = YES;
				CLANG_WARN_SUSPICIOUS_MOVE = YES;
				CLANG_WARN_UNGUARDED_AVAILABILITY = YES_AGGRESSIVE;
				CLANG_WARN_UNREACHABLE_CODE = YES;
				CLANG_WARN__DUPLICATE_METHOD_MATCH = YES;
				COPY_PHASE_STRIP = NO;
				DEBUG_INFORMATION_FORMAT = dwarf;
				ENABLE_STRICT_OBJC_MSGSEND = YES;
				ENABLE_TESTABILITY = YES;
				GCC_C_LANGUAGE_STANDARD = gnu11;
				GCC_DYNAMIC_NO_PIC = NO;
				GCC_NO_COMMON_BLOCKS = YES;
				GCC_OPTIMIZATION_LEVEL = 0;
				GCC_PREPROCESSOR_DEFINITIONS = (
					"DEBUG=1",
					"$(inherited)",
				);
				GCC_WARN_64_TO_32_BIT_CONVERSION = YES;
				GCC_WARN_ABOUT_RETURN_TYPE = YES_ERROR;
				GCC_WARN_UNDECLARED_SELECTOR = YES;
				GCC_WARN_UNINITIALIZED_AUTOS = YES_AGGRESSIVE;
				GCC_WARN_UNUSED_FUNCTION = YES;
				GCC_WARN_UNUSED_VARIABLE = YES;
				IPHONEOS_DEPLOYMENT_TARGET = 13.5;
				MTL_ENABLE_DEBUG_INFO = INCLUDE_SOURCE;
				MTL_FAST_MATH = YES;
				ONLY_ACTIVE_ARCH = YES;
				SDKROOT = iphoneos;
				SWIFT_ACTIVE_COMPILATION_CONDITIONS = DEBUG;
				SWIFT_OPTIMIZATION_LEVEL = "-Onone";
			};
			name = Debug;
		};
		1353220F2499A521008E778E /* Release */ = {
			isa = XCBuildConfiguration;
			buildSettings = {
				ALWAYS_SEARCH_USER_PATHS = NO;
				CLANG_ANALYZER_NONNULL = YES;
				CLANG_ANALYZER_NUMBER_OBJECT_CONVERSION = YES_AGGRESSIVE;
				CLANG_CXX_LANGUAGE_STANDARD = "gnu++14";
				CLANG_CXX_LIBRARY = "libc++";
				CLANG_ENABLE_MODULES = YES;
				CLANG_ENABLE_OBJC_ARC = YES;
				CLANG_ENABLE_OBJC_WEAK = YES;
				CLANG_WARN_BLOCK_CAPTURE_AUTORELEASING = YES;
				CLANG_WARN_BOOL_CONVERSION = YES;
				CLANG_WARN_COMMA = YES;
				CLANG_WARN_CONSTANT_CONVERSION = YES;
				CLANG_WARN_DEPRECATED_OBJC_IMPLEMENTATIONS = YES;
				CLANG_WARN_DIRECT_OBJC_ISA_USAGE = YES_ERROR;
				CLANG_WARN_DOCUMENTATION_COMMENTS = YES;
				CLANG_WARN_EMPTY_BODY = YES;
				CLANG_WARN_ENUM_CONVERSION = YES;
				CLANG_WARN_INFINITE_RECURSION = YES;
				CLANG_WARN_INT_CONVERSION = YES;
				CLANG_WARN_NON_LITERAL_NULL_CONVERSION = YES;
				CLANG_WARN_OBJC_IMPLICIT_RETAIN_SELF = YES;
				CLANG_WARN_OBJC_LITERAL_CONVERSION = YES;
				CLANG_WARN_OBJC_ROOT_CLASS = YES_ERROR;
				CLANG_WARN_RANGE_LOOP_ANALYSIS = YES;
				CLANG_WARN_STRICT_PROTOTYPES = YES;
				CLANG_WARN_SUSPICIOUS_MOVE = YES;
				CLANG_WARN_UNGUARDED_AVAILABILITY = YES_AGGRESSIVE;
				CLANG_WARN_UNREACHABLE_CODE = YES;
				CLANG_WARN__DUPLICATE_METHOD_MATCH = YES;
				COPY_PHASE_STRIP = NO;
				DEBUG_INFORMATION_FORMAT = "dwarf-with-dsym";
				ENABLE_NS_ASSERTIONS = NO;
				ENABLE_STRICT_OBJC_MSGSEND = YES;
				GCC_C_LANGUAGE_STANDARD = gnu11;
				GCC_NO_COMMON_BLOCKS = YES;
				GCC_WARN_64_TO_32_BIT_CONVERSION = YES;
				GCC_WARN_ABOUT_RETURN_TYPE = YES_ERROR;
				GCC_WARN_UNDECLARED_SELECTOR = YES;
				GCC_WARN_UNINITIALIZED_AUTOS = YES_AGGRESSIVE;
				GCC_WARN_UNUSED_FUNCTION = YES;
				GCC_WARN_UNUSED_VARIABLE = YES;
				IPHONEOS_DEPLOYMENT_TARGET = 13.5;
				MTL_ENABLE_DEBUG_INFO = NO;
				MTL_FAST_MATH = YES;
				SDKROOT = iphoneos;
				SWIFT_COMPILATION_MODE = wholemodule;
				SWIFT_OPTIMIZATION_LEVEL = "-O";
				VALIDATE_PRODUCT = YES;
			};
			name = Release;
		};
		135322112499A521008E778E /* Debug */ = {
			isa = XCBuildConfiguration;
			buildSettings = {
				ASSETCATALOG_COMPILER_APPICON_NAME = AppIcon;
				CODE_SIGN_STYLE = Automatic;
				DEVELOPMENT_ASSET_PATHS = "\"SimpleApp/Preview Content\"";
				ENABLE_PREVIEWS = YES;
				INFOPLIST_FILE = SimpleApp/Info.plist;
				LD_RUNPATH_SEARCH_PATHS = (
					"$(inherited)",
					"@executable_path/Frameworks",
				);
				PRODUCT_BUNDLE_IDENTIFIER = dev.yourcompany.SimpleApp;
				PRODUCT_NAME = "$(TARGET_NAME)";
				SWIFT_VERSION = 5.0;
				TARGETED_DEVICE_FAMILY = "1,2";
			};
			name = Debug;
		};
		135322122499A521008E778E /* Release */ = {
			isa = XCBuildConfiguration;
			buildSettings = {
				ASSETCATALOG_COMPILER_APPICON_NAME = AppIcon;
				CODE_SIGN_STYLE = Automatic;
				DEVELOPMENT_ASSET_PATHS = "\"SimpleApp/Preview Content\"";
				ENABLE_PREVIEWS = YES;
				INFOPLIST_FILE = SimpleApp/Info.plist;
				LD_RUNPATH_SEARCH_PATHS = (
					"$(inherited)",
					"@executable_path/Frameworks",
				);
				PRODUCT_BUNDLE_IDENTIFIER = dev.yourcompany.SimpleApp;
				PRODUCT_NAME = "$(TARGET_NAME)";
				SWIFT_VERSION = 5.0;
				TARGETED_DEVICE_FAMILY = "1,2";
			};
			name = Release;
		};
		135322142499A521008E778E /* Debug */ = {
			isa = XCBuildConfiguration;
			buildSettings = {
				ALWAYS_EMBED_SWIFT_STANDARD_LIBRARIES = YES;
				BUNDLE_LOADER = "$(TEST_HOST)";
				CODE_SIGN_STYLE = Automatic;
				INFOPLIST_FILE = SimpleAppTests/Info.plist;
				IPHONEOS_DEPLOYMENT_TARGET = 13.5;
				LD_RUNPATH_SEARCH_PATHS = (
					"$(inherited)",
					"@executable_path/Frameworks",
					"@loader_path/Frameworks",
				);
				PRODUCT_BUNDLE_IDENTIFIER = dev.yourcompany.SimpleAppTests;
				PRODUCT_NAME = "$(TARGET_NAME)";
				SWIFT_VERSION = 5.0;
				TARGETED_DEVICE_FAMILY = "1,2";
				TEST_HOST = "$(BUILT_PRODUCTS_DIR)/SimpleApp.app/SimpleApp";
			};
			name = Debug;
		};
		135322152499A521008E778E /* Release */ = {
			isa = XCBuildConfiguration;
			buildSettings = {
				ALWAYS_EMBED_SWIFT_STANDARD_LIBRARIES = YES;
				BUNDLE_LOADER = "$(TEST_HOST)";
				CODE_SIGN_STYLE = Automatic;
				INFOPLIST_FILE = SimpleAppTests/Info.plist;
				IPHONEOS_DEPLOYMENT_TARGET = 13.5;
				LD_RUNPATH_SEARCH_PATHS = (
					"$(inherited)",
					"@executable_path/Frameworks",
					"@loader_path/Frameworks",
				);
				PRODUCT_BUNDLE_IDENTIFIER = dev.yourcompany.SimpleAppTests;
				PRODUCT_NAME = "$(TARGET_NAME)";
				SWIFT_VERSION = 5.0;
				TARGETED_DEVICE_FAMILY = "1,2";
				TEST_HOST = "$(BUILT_PRODUCTS_DIR)/SimpleApp.app/SimpleApp";
			};
			name = Release;
		};
/* End XCBuildConfiguration section */

/* Begin XCConfigurationList section */
		135321E12499A51F008E778E /* Build configuration list for PBXProject "SimpleApp" */ = {
			isa = XCConfigurationList;
			buildConfigurations = (
				1353220E2499A521008E778E /* Debug */,
				1353220F2499A521008E778E /* Release */,
			);
			defaultConfigurationIsVisible = 0;
			defaultConfigurationName = Release;
		};
		135322102499A521008E778E /* Build configuration list for PBXNativeTarget "SimpleApp" */ = {
			isa = XCConfigurationList;
			buildConfigurations = (
				135322112499A521008E778E /* Debug */,
				135322122499A521008E778E /* Release */,
			);
			defaultConfigurationIsVisible = 0;
			defaultConfigurationName = Release;
		};
		135322132499A521008E778E /* Build configuration list for PBXNativeTarget "SimpleAppTests" */ = {
			isa = XCConfigurationList;
			buildConfigurations = (
				135322142499A521008E778E /* Debug */,
				135322152499A521008E778E /* Release */,
			);
			defaultConfigurationIsVisible = 0;
			defaultConfigurationName = Release;
		};
/* End XCConfigurationList section */
	};
	rootObject = 135321DE2499A51F008E778E /* Project object */;
}
